// !$*UTF8*$!
{
	archiveVersion = 1;
	classes = {
	};
	objectVersion = 77;
	objects = {

/* Begin PBXContainerItemProxy section */
		96858B662DC38851005BE667 /* PBXContainerItemProxy */ = {
			isa = PBXContainerItemProxy;
			containerPortal = 96858B4D2DC38850005BE667 /* Project object */;
			proxyType = 1;
			remoteGlobalIDString = 96858B542DC38850005BE667;
			remoteInfo = StarWarsPlanetsApp;
		};
		96858B702DC38851005BE667 /* PBXContainerItemProxy */ = {
			isa = PBXContainerItemProxy;
			containerPortal = 96858B4D2DC38850005BE667 /* Project object */;
			proxyType = 1;
			remoteGlobalIDString = 96858B542DC38850005BE667;
			remoteInfo = StarWarsPlanetsApp;
		};
/* End PBXContainerItemProxy section */

/* Begin PBXFileReference section */
		96858B552DC38850005BE667 /* StarWarsPlanetsApp.app */ = {isa = PBXFileReference; explicitFileType = wrapper.application; includeInIndex = 0; path = StarWarsPlanetsApp.app; sourceTree = BUILT_PRODUCTS_DIR; };
		96858B652DC38851005BE667 /* StarWarsPlanetsAppTests.xctest */ = {isa = PBXFileReference; explicitFileType = wrapper.cfbundle; includeInIndex = 0; path = StarWarsPlanetsAppTests.xctest; sourceTree = BUILT_PRODUCTS_DIR; };
		96858B6F2DC38851005BE667 /* StarWarsPlanetsAppUITests.xctest */ = {isa = PBXFileReference; explicitFileType = wrapper.cfbundle; includeInIndex = 0; path = StarWarsPlanetsAppUITests.xctest; sourceTree = BUILT_PRODUCTS_DIR; };
/* End PBXFileReference section */

/* Begin PBXFileSystemSynchronizedRootGroup section */
		96858B572DC38850005BE667 /* StarWarsPlanetsApp */ = {
			isa = PBXFileSystemSynchronizedRootGroup;
			path = StarWarsPlanetsApp;
			sourceTree = "<group>";
		};
		96858B682DC38851005BE667 /* StarWarsPlanetsAppTests */ = {
			isa = PBXFileSystemSynchronizedRootGroup;
			path = StarWarsPlanetsAppTests;
			sourceTree = "<group>";
		};
		96858B722DC38851005BE667 /* StarWarsPlanetsAppUITests */ = {
			isa = PBXFileSystemSynchronizedRootGroup;
			path = StarWarsPlanetsAppUITests;
			sourceTree = "<group>";
		};
/* End PBXFileSystemSynchronizedRootGroup section */

/* Begin PBXFrameworksBuildPhase section */
		96858B522DC38850005BE667 /* Frameworks */ = {
			isa = PBXFrameworksBuildPhase;
			buildActionMask = 2147483647;
			files = (
			);
			runOnlyForDeploymentPostprocessing = 0;
		};
		96858B622DC38851005BE667 /* Frameworks */ = {
			isa = PBXFrameworksBuildPhase;
			buildActionMask = 2147483647;
			files = (
			);
			runOnlyForDeploymentPostprocessing = 0;
		};
		96858B6C2DC38851005BE667 /* Frameworks */ = {
			isa = PBXFrameworksBuildPhase;
			buildActionMask = 2147483647;
			files = (
			);
			runOnlyForDeploymentPostprocessing = 0;
		};
/* End PBXFrameworksBuildPhase section */

/* Begin PBXGroup section */
		96858B4C2DC38850005BE667 = {
			isa = PBXGroup;
			children = (
				96858B572DC38850005BE667 /* StarWarsPlanetsApp */,
				96858B682DC38851005BE667 /* StarWarsPlanetsAppTests */,
				96858B722DC38851005BE667 /* StarWarsPlanetsAppUITests */,
				96858B562DC38850005BE667 /* Products */,
			);
			sourceTree = "<group>";
		};
		96858B562DC38850005BE667 /* Products */ = {
			isa = PBXGroup;
			children = (
				96858B552DC38850005BE667 /* StarWarsPlanetsApp.app */,
				96858B652DC38851005BE667 /* StarWarsPlanetsAppTests.xctest */,
				96858B6F2DC38851005BE667 /* StarWarsPlanetsAppUITests.xctest */,
			);
			name = Products;
			sourceTree = "<group>";
		};
/* End PBXGroup section */

/* Begin PBXNativeTarget section */
		96858B542DC38850005BE667 /* StarWarsPlanetsApp */ = {
			isa = PBXNativeTarget;
			buildConfigurationList = 96858B792DC38851005BE667 /* Build configuration list for PBXNativeTarget "StarWarsPlanetsApp" */;
			buildPhases = (
				96858B512DC38850005BE667 /* Sources */,
				96858B522DC38850005BE667 /* Frameworks */,
				96858B532DC38850005BE667 /* Resources */,
			);
			buildRules = (
			);
			dependencies = (
			);
			fileSystemSynchronizedGroups = (
				96858B572DC38850005BE667 /* StarWarsPlanetsApp */,
			);
			name = StarWarsPlanetsApp;
			packageProductDependencies = (
			);
			productName = StarWarsPlanetsApp;
			productReference = 96858B552DC38850005BE667 /* StarWarsPlanetsApp.app */;
			productType = "com.apple.product-type.application";
		};
		96858B642DC38851005BE667 /* StarWarsPlanetsAppTests */ = {
			isa = PBXNativeTarget;
			buildConfigurationList = 96858B7C2DC38851005BE667 /* Build configuration list for PBXNativeTarget "StarWarsPlanetsAppTests" */;
			buildPhases = (
				96858B612DC38851005BE667 /* Sources */,
				96858B622DC38851005BE667 /* Frameworks */,
				96858B632DC38851005BE667 /* Resources */,
			);
			buildRules = (
			);
			dependencies = (
				96858B672DC38851005BE667 /* PBXTargetDependency */,
			);
			fileSystemSynchronizedGroups = (
				96858B682DC38851005BE667 /* StarWarsPlanetsAppTests */,
			);
			name = StarWarsPlanetsAppTests;
			packageProductDependencies = (
			);
			productName = StarWarsPlanetsAppTests;
			productReference = 96858B652DC38851005BE667 /* StarWarsPlanetsAppTests.xctest */;
			productType = "com.apple.product-type.bundle.unit-test";
		};
		96858B6E2DC38851005BE667 /* StarWarsPlanetsAppUITests */ = {
			isa = PBXNativeTarget;
			buildConfigurationList = 96858B7F2DC38851005BE667 /* Build configuration list for PBXNativeTarget "StarWarsPlanetsAppUITests" */;
			buildPhases = (
				96858B6B2DC38851005BE667 /* Sources */,
				96858B6C2DC38851005BE667 /* Frameworks */,
				96858B6D2DC38851005BE667 /* Resources */,
			);
			buildRules = (
			);
			dependencies = (
				96858B712DC38851005BE667 /* PBXTargetDependency */,
			);
			fileSystemSynchronizedGroups = (
				96858B722DC38851005BE667 /* StarWarsPlanetsAppUITests */,
			);
			name = StarWarsPlanetsAppUITests;
			packageProductDependencies = (
			);
			productName = StarWarsPlanetsAppUITests;
			productReference = 96858B6F2DC38851005BE667 /* StarWarsPlanetsAppUITests.xctest */;
			productType = "com.apple.product-type.bundle.ui-testing";
		};
/* End PBXNativeTarget section */

/* Begin PBXProject section */
		96858B4D2DC38850005BE667 /* Project object */ = {
			isa = PBXProject;
			attributes = {
				BuildIndependentTargetsInParallel = 1;
				LastSwiftUpdateCheck = 1600;
				LastUpgradeCheck = 1600;
				TargetAttributes = {
					96858B542DC38850005BE667 = {
						CreatedOnToolsVersion = 16.0;
					};
					96858B642DC38851005BE667 = {
						CreatedOnToolsVersion = 16.0;
						TestTargetID = 96858B542DC38850005BE667;
					};
					96858B6E2DC38851005BE667 = {
						CreatedOnToolsVersion = 16.0;
						TestTargetID = 96858B542DC38850005BE667;
					};
				};
			};
			buildConfigurationList = 96858B502DC38850005BE667 /* Build configuration list for PBXProject "StarWarsPlanetsApp" */;
			developmentRegion = en;
			hasScannedForEncodings = 0;
			knownRegions = (
				en,
				Base,
			);
			mainGroup = 96858B4C2DC38850005BE667;
			minimizedProjectReferenceProxies = 1;
			preferredProjectObjectVersion = 77;
			productRefGroup = 96858B562DC38850005BE667 /* Products */;
			projectDirPath = "";
			projectRoot = "";
			targets = (
				96858B542DC38850005BE667 /* StarWarsPlanetsApp */,
				96858B642DC38851005BE667 /* StarWarsPlanetsAppTests */,
				96858B6E2DC38851005BE667 /* StarWarsPlanetsAppUITests */,
			);
		};
/* End PBXProject section */

/* Begin PBXResourcesBuildPhase section */
		96858B532DC38850005BE667 /* Resources */ = {
			isa = PBXResourcesBuildPhase;
			buildActionMask = 2147483647;
			files = (
			);
			runOnlyForDeploymentPostprocessing = 0;
		};
		96858B632DC38851005BE667 /* Resources */ = {
			isa = PBXResourcesBuildPhase;
			buildActionMask = 2147483647;
			files = (
			);
			runOnlyForDeploymentPostprocessing = 0;
		};
		96858B6D2DC38851005BE667 /* Resources */ = {
			isa = PBXResourcesBuildPhase;
			buildActionMask = 2147483647;
			files = (
			);
			runOnlyForDeploymentPostprocessing = 0;
		};
/* End PBXResourcesBuildPhase section */

/* Begin PBXSourcesBuildPhase section */
		96858B512DC38850005BE667 /* Sources */ = {
			isa = PBXSourcesBuildPhase;
			buildActionMask = 2147483647;
			files = (
			);
			runOnlyForDeploymentPostprocessing = 0;
		};
		96858B612DC38851005BE667 /* Sources */ = {
			isa = PBXSourcesBuildPhase;
			buildActionMask = 2147483647;
			files = (
			);
			runOnlyForDeploymentPostprocessing = 0;
		};
		96858B6B2DC38851005BE667 /* Sources */ = {
			isa = PBXSourcesBuildPhase;
			buildActionMask = 2147483647;
			files = (
			);
			runOnlyForDeploymentPostprocessing = 0;
		};
/* End PBXSourcesBuildPhase section */

/* Begin PBXTargetDependency section */
		96858B672DC38851005BE667 /* PBXTargetDependency */ = {
			isa = PBXTargetDependency;
			target = 96858B542DC38850005BE667 /* StarWarsPlanetsApp */;
			targetProxy = 96858B662DC38851005BE667 /* PBXContainerItemProxy */;
		};
		96858B712DC38851005BE667 /* PBXTargetDependency */ = {
			isa = PBXTargetDependency;
			target = 96858B542DC38850005BE667 /* StarWarsPlanetsApp */;
			targetProxy = 96858B702DC38851005BE667 /* PBXContainerItemProxy */;
		};
/* End PBXTargetDependency section */

/* Begin XCBuildConfiguration section */
		96858B772DC38851005BE667 /* Debug */ = {
			isa = XCBuildConfiguration;
			buildSettings = {
				ALWAYS_SEARCH_USER_PATHS = NO;
				ASSETCATALOG_COMPILER_GENERATE_SWIFT_ASSET_SYMBOL_EXTENSIONS = YES;
				CLANG_ANALYZER_NONNULL = YES;
				CLANG_ANALYZER_NUMBER_OBJECT_CONVERSION = YES_AGGRESSIVE;
				CLANG_CXX_LANGUAGE_STANDARD = "gnu++20";
				CLANG_ENABLE_MODULES = YES;
				CLANG_ENABLE_OBJC_ARC = YES;
				CLANG_ENABLE_OBJC_WEAK = YES;
				CLANG_WARN_BLOCK_CAPTURE_AUTORELEASING = YES;
				CLANG_WARN_BOOL_CONVERSION = YES;
				CLANG_WARN_COMMA = YES;
				CLANG_WARN_CONSTANT_CONVERSION = YES;
				CLANG_WARN_DEPRECATED_OBJC_IMPLEMENTATIONS = YES;
				CLANG_WARN_DIRECT_OBJC_ISA_USAGE = YES_ERROR;
				CLANG_WARN_DOCUMENTATION_COMMENTS = YES;
				CLANG_WARN_EMPTY_BODY = YES;
				CLANG_WARN_ENUM_CONVERSION = YES;
				CLANG_WARN_INFINITE_RECURSION = YES;
				CLANG_WARN_INT_CONVERSION = YES;
				CLANG_WARN_NON_LITERAL_NULL_CONVERSION = YES;
				CLANG_WARN_OBJC_IMPLICIT_RETAIN_SELF = YES;
				CLANG_WARN_OBJC_LITERAL_CONVERSION = YES;
				CLANG_WARN_OBJC_ROOT_CLASS = YES_ERROR;
				CLANG_WARN_QUOTED_INCLUDE_IN_FRAMEWORK_HEADER = YES;
				CLANG_WARN_RANGE_LOOP_ANALYSIS = YES;
				CLANG_WARN_STRICT_PROTOTYPES = YES;
				CLANG_WARN_SUSPICIOUS_MOVE = YES;
				CLANG_WARN_UNGUARDED_AVAILABILITY = YES_AGGRESSIVE;
				CLANG_WARN_UNREACHABLE_CODE = YES;
				CLANG_WARN__DUPLICATE_METHOD_MATCH = YES;
				COPY_PHASE_STRIP = NO;
				DEBUG_INFORMATION_FORMAT = dwarf;
				ENABLE_STRICT_OBJC_MSGSEND = YES;
				ENABLE_TESTABILITY = YES;
				ENABLE_USER_SCRIPT_SANDBOXING = YES;
				GCC_C_LANGUAGE_STANDARD = gnu17;
				GCC_DYNAMIC_NO_PIC = NO;
				GCC_NO_COMMON_BLOCKS = YES;
				GCC_OPTIMIZATION_LEVEL = 0;
				GCC_PREPROCESSOR_DEFINITIONS = (
					"DEBUG=1",
					"$(inherited)",
				);
				GCC_WARN_64_TO_32_BIT_CONVERSION = YES;
				GCC_WARN_ABOUT_RETURN_TYPE = YES_ERROR;
				GCC_WARN_UNDECLARED_SELECTOR = YES;
				GCC_WARN_UNINITIALIZED_AUTOS = YES_AGGRESSIVE;
				GCC_WARN_UNUSED_FUNCTION = YES;
				GCC_WARN_UNUSED_VARIABLE = YES;
				IPHONEOS_DEPLOYMENT_TARGET = 18.0;
				LOCALIZATION_PREFERS_STRING_CATALOGS = YES;
				MTL_ENABLE_DEBUG_INFO = INCLUDE_SOURCE;
				MTL_FAST_MATH = YES;
				ONLY_ACTIVE_ARCH = YES;
				SDKROOT = iphoneos;
				SWIFT_ACTIVE_COMPILATION_CONDITIONS = "DEBUG $(inherited)";
				SWIFT_OPTIMIZATION_LEVEL = "-Onone";
			};
			name = Debug;
		};
		96858B782DC38851005BE667 /* Release */ = {
			isa = XCBuildConfiguration;
			buildSettings = {
				ALWAYS_SEARCH_USER_PATHS = NO;
				ASSETCATALOG_COMPILER_GENERATE_SWIFT_ASSET_SYMBOL_EXTENSIONS = YES;
				CLANG_ANALYZER_NONNULL = YES;
				CLANG_ANALYZER_NUMBER_OBJECT_CONVERSION = YES_AGGRESSIVE;
				CLANG_CXX_LANGUAGE_STANDARD = "gnu++20";
				CLANG_ENABLE_MODULES = YES;
				CLANG_ENABLE_OBJC_ARC = YES;
				CLANG_ENABLE_OBJC_WEAK = YES;
				CLANG_WARN_BLOCK_CAPTURE_AUTORELEASING = YES;
				CLANG_WARN_BOOL_CONVERSION = YES;
				CLANG_WARN_COMMA = YES;
				CLANG_WARN_CONSTANT_CONVERSION = YES;
				CLANG_WARN_DEPRECATED_OBJC_IMPLEMENTATIONS = YES;
				CLANG_WARN_DIRECT_OBJC_ISA_USAGE = YES_ERROR;
				CLANG_WARN_DOCUMENTATION_COMMENTS = YES;
				CLANG_WARN_EMPTY_BODY = YES;
				CLANG_WARN_ENUM_CONVERSION = YES;
				CLANG_WARN_INFINITE_RECURSION = YES;
				CLANG_WARN_INT_CONVERSION = YES;
				CLANG_WARN_NON_LITERAL_NULL_CONVERSION = YES;
				CLANG_WARN_OBJC_IMPLICIT_RETAIN_SELF = YES;
				CLANG_WARN_OBJC_LITERAL_CONVERSION = YES;
				CLANG_WARN_OBJC_ROOT_CLASS = YES_ERROR;
				CLANG_WARN_QUOTED_INCLUDE_IN_FRAMEWORK_HEADER = YES;
				CLANG_WARN_RANGE_LOOP_ANALYSIS = YES;
				CLANG_WARN_STRICT_PROTOTYPES = YES;
				CLANG_WARN_SUSPICIOUS_MOVE = YES;
				CLANG_WARN_UNGUARDED_AVAILABILITY = YES_AGGRESSIVE;
				CLANG_WARN_UNREACHABLE_CODE = YES;
				CLANG_WARN__DUPLICATE_METHOD_MATCH = YES;
				COPY_PHASE_STRIP = NO;
				DEBUG_INFORMATION_FORMAT = "dwarf-with-dsym";
				ENABLE_NS_ASSERTIONS = NO;
				ENABLE_STRICT_OBJC_MSGSEND = YES;
				ENABLE_USER_SCRIPT_SANDBOXING = YES;
				GCC_C_LANGUAGE_STANDARD = gnu17;
				GCC_NO_COMMON_BLOCKS = YES;
				GCC_WARN_64_TO_32_BIT_CONVERSION = YES;
				GCC_WARN_ABOUT_RETURN_TYPE = YES_ERROR;
				GCC_WARN_UNDECLARED_SELECTOR = YES;
				GCC_WARN_UNINITIALIZED_AUTOS = YES_AGGRESSIVE;
				GCC_WARN_UNUSED_FUNCTION = YES;
				GCC_WARN_UNUSED_VARIABLE = YES;
				IPHONEOS_DEPLOYMENT_TARGET = 18.0;
				LOCALIZATION_PREFERS_STRING_CATALOGS = YES;
				MTL_ENABLE_DEBUG_INFO = NO;
				MTL_FAST_MATH = YES;
				SDKROOT = iphoneos;
				SWIFT_COMPILATION_MODE = wholemodule;
				VALIDATE_PRODUCT = YES;
			};
			name = Release;
		};
		96858B7A2DC38851005BE667 /* Debug */ = {
			isa = XCBuildConfiguration;
			buildSettings = {
				ASSETCATALOG_COMPILER_APPICON_NAME = AppIcon;
				ASSETCATALOG_COMPILER_GLOBAL_ACCENT_COLOR_NAME = AccentColor;
				CODE_SIGN_STYLE = Automatic;
				CURRENT_PROJECT_VERSION = 1;
				DEVELOPMENT_ASSET_PATHS = "\"StarWarsPlanetsApp/Preview Content\"";
				DEVELOPMENT_TEAM = QM2ZXR6S6G;
				ENABLE_PREVIEWS = YES;
				GENERATE_INFOPLIST_FILE = YES;
				INFOPLIST_KEY_UIApplicationSceneManifest_Generation = YES;
				INFOPLIST_KEY_UIApplicationSupportsIndirectInputEvents = YES;
				INFOPLIST_KEY_UILaunchScreen_Generation = YES;
				INFOPLIST_KEY_UISupportedInterfaceOrientations_iPad = "UIInterfaceOrientationPortrait UIInterfaceOrientationPortraitUpsideDown UIInterfaceOrientationLandscapeLeft UIInterfaceOrientationLandscapeRight";
				INFOPLIST_KEY_UISupportedInterfaceOrientations_iPhone = "UIInterfaceOrientationPortrait UIInterfaceOrientationLandscapeLeft UIInterfaceOrientationLandscapeRight";
				LD_RUNPATH_SEARCH_PATHS = (
					"$(inherited)",
					"@executable_path/Frameworks",
				);
				MARKETING_VERSION = 1.0;
				PRODUCT_BUNDLE_IDENTIFIER = com.starwarsplanets.app.StarWarsPlanetsApp;
				PRODUCT_NAME = "$(TARGET_NAME)";
				SWIFT_EMIT_LOC_STRINGS = YES;
				SWIFT_VERSION = 5.0;
				TARGETED_DEVICE_FAMILY = "1,2";
			};
			name = Debug;
		};
		96858B7B2DC38851005BE667 /* Release */ = {
			isa = XCBuildConfiguration;
			buildSettings = {
				ASSETCATALOG_COMPILER_APPICON_NAME = AppIcon;
				ASSETCATALOG_COMPILER_GLOBAL_ACCENT_COLOR_NAME = AccentColor;
				CODE_SIGN_STYLE = Automatic;
				CURRENT_PROJECT_VERSION = 1;
				DEVELOPMENT_ASSET_PATHS = "\"StarWarsPlanetsApp/Preview Content\"";
				DEVELOPMENT_TEAM = QM2ZXR6S6G;
				ENABLE_PREVIEWS = YES;
				GENERATE_INFOPLIST_FILE = YES;
				INFOPLIST_KEY_UIApplicationSceneManifest_Generation = YES;
				INFOPLIST_KEY_UIApplicationSupportsIndirectInputEvents = YES;
				INFOPLIST_KEY_UILaunchScreen_Generation = YES;
				INFOPLIST_KEY_UISupportedInterfaceOrientations_iPad = "UIInterfaceOrientationPortrait UIInterfaceOrientationPortraitUpsideDown UIInterfaceOrientationLandscapeLeft UIInterfaceOrientationLandscapeRight";
				INFOPLIST_KEY_UISupportedInterfaceOrientations_iPhone = "UIInterfaceOrientationPortrait UIInterfaceOrientationLandscapeLeft UIInterfaceOrientationLandscapeRight";
				LD_RUNPATH_SEARCH_PATHS = (
					"$(inherited)",
					"@executable_path/Frameworks",
				);
				MARKETING_VERSION = 1.0;
				PRODUCT_BUNDLE_IDENTIFIER = com.starwarsplanets.app.StarWarsPlanetsApp;
				PRODUCT_NAME = "$(TARGET_NAME)";
				SWIFT_EMIT_LOC_STRINGS = YES;
				SWIFT_VERSION = 5.0;
				TARGETED_DEVICE_FAMILY = "1,2";
			};
			name = Release;
		};
		96858B7D2DC38851005BE667 /* Debug */ = {
			isa = XCBuildConfiguration;
			buildSettings = {
				BUNDLE_LOADER = "$(TEST_HOST)";
				CODE_SIGN_STYLE = Automatic;
				CURRENT_PROJECT_VERSION = 1;
				DEVELOPMENT_TEAM = QM2ZXR6S6G;
				GENERATE_INFOPLIST_FILE = YES;
				IPHONEOS_DEPLOYMENT_TARGET = 18.0;
				MARKETING_VERSION = 1.0;
				PRODUCT_BUNDLE_IDENTIFIER = com.starwarsplanets.app.StarWarsPlanetsAppTests;
				PRODUCT_NAME = "$(TARGET_NAME)";
				SWIFT_EMIT_LOC_STRINGS = NO;
				SWIFT_VERSION = 5.0;
				TARGETED_DEVICE_FAMILY = "1,2";
				TEST_HOST = "$(BUILT_PRODUCTS_DIR)/StarWarsPlanetsApp.app/$(BUNDLE_EXECUTABLE_FOLDER_PATH)/StarWarsPlanetsApp";
			};
			name = Debug;
		};
		96858B7E2DC38851005BE667 /* Release */ = {
			isa = XCBuildConfiguration;
			buildSettings = {
				BUNDLE_LOADER = "$(TEST_HOST)";
				CODE_SIGN_STYLE = Automatic;
				CURRENT_PROJECT_VERSION = 1;
				DEVELOPMENT_TEAM = QM2ZXR6S6G;
				GENERATE_INFOPLIST_FILE = YES;
				IPHONEOS_DEPLOYMENT_TARGET = 18.0;
				MARKETING_VERSION = 1.0;
				PRODUCT_BUNDLE_IDENTIFIER = com.starwarsplanets.app.StarWarsPlanetsAppTests;
				PRODUCT_NAME = "$(TARGET_NAME)";
				SWIFT_EMIT_LOC_STRINGS = NO;
				SWIFT_VERSION = 5.0;
				TARGETED_DEVICE_FAMILY = "1,2";
				TEST_HOST = "$(BUILT_PRODUCTS_DIR)/StarWarsPlanetsApp.app/$(BUNDLE_EXECUTABLE_FOLDER_PATH)/StarWarsPlanetsApp";
			};
			name = Release;
		};
		96858B802DC38851005BE667 /* Debug */ = {
			isa = XCBuildConfiguration;
			buildSettings = {
				CODE_SIGN_STYLE = Automatic;
				CURRENT_PROJECT_VERSION = 1;
				DEVELOPMENT_TEAM = QM2ZXR6S6G;
				GENERATE_INFOPLIST_FILE = YES;
				MARKETING_VERSION = 1.0;
				PRODUCT_BUNDLE_IDENTIFIER = com.starwarsplanets.app.StarWarsPlanetsAppUITests;
				PRODUCT_NAME = "$(TARGET_NAME)";
				SWIFT_EMIT_LOC_STRINGS = NO;
				SWIFT_VERSION = 5.0;
				TARGETED_DEVICE_FAMILY = "1,2";
				TEST_TARGET_NAME = StarWarsPlanetsApp;
			};
			name = Debug;
		};
		96858B812DC38851005BE667 /* Release */ = {
			isa = XCBuildConfiguration;
			buildSettings = {
				CODE_SIGN_STYLE = Automatic;
				CURRENT_PROJECT_VERSION = 1;
				DEVELOPMENT_TEAM = QM2ZXR6S6G;
				GENERATE_INFOPLIST_FILE = YES;
				MARKETING_VERSION = 1.0;
				PRODUCT_BUNDLE_IDENTIFIER = com.starwarsplanets.app.StarWarsPlanetsAppUITests;
				PRODUCT_NAME = "$(TARGET_NAME)";
				SWIFT_EMIT_LOC_STRINGS = NO;
				SWIFT_VERSION = 5.0;
				TARGETED_DEVICE_FAMILY = "1,2";
				TEST_TARGET_NAME = StarWarsPlanetsApp;
			};
			name = Release;
		};
/* End XCBuildConfiguration section */

/* Begin XCConfigurationList section */
		96858B502DC38850005BE667 /* Build configuration list for PBXProject "StarWarsPlanetsApp" */ = {
			isa = XCConfigurationList;
			buildConfigurations = (
				96858B772DC38851005BE667 /* Debug */,
				96858B782DC38851005BE667 /* Release */,
			);
			defaultConfigurationIsVisible = 0;
			defaultConfigurationName = Release;
		};
		96858B792DC38851005BE667 /* Build configuration list for PBXNativeTarget "StarWarsPlanetsApp" */ = {
			isa = XCConfigurationList;
			buildConfigurations = (
				96858B7A2DC38851005BE667 /* Debug */,
				96858B7B2DC38851005BE667 /* Release */,
			);
			defaultConfigurationIsVisible = 0;
			defaultConfigurationName = Release;
		};
		96858B7C2DC38851005BE667 /* Build configuration list for PBXNativeTarget "StarWarsPlanetsAppTests" */ = {
			isa = XCConfigurationList;
			buildConfigurations = (
				96858B7D2DC38851005BE667 /* Debug */,
				96858B7E2DC38851005BE667 /* Release */,
			);
			defaultConfigurationIsVisible = 0;
			defaultConfigurationName = Release;
		};
		96858B7F2DC38851005BE667 /* Build configuration list for PBXNativeTarget "StarWarsPlanetsAppUITests" */ = {
			isa = XCConfigurationList;
			buildConfigurations = (
				96858B802DC38851005BE667 /* Debug */,
				96858B812DC38851005BE667 /* Release */,
			);
			defaultConfigurationIsVisible = 0;
			defaultConfigurationName = Release;
		};
/* End XCConfigurationList section */
	};
	rootObject = 96858B4D2DC38850005BE667 /* Project object */;
}
